
Microsoft Visual Studio Solution File, Format Version 12.00
# Visual Studio Version 17
VisualStudioVersion = 17.4.33110.190
MinimumVisualStudioVersion = 10.0.40219.1
Project("{FAE04EC0-301F-11D3-BF4B-00C04F79EFBC}") = "atv31", "atv31\atv31.csproj", "{C0341464-E3A1-43DA-BD57-FE0B23ACE8F5}"
EndProject
Global
	GlobalSection(SolutionConfigurationPlatforms) = preSolution
		Debug|Any CPU = Debug|Any CPU
		Release|Any CPU = Release|Any CPU
	EndGlobalSection
	GlobalSection(ProjectConfigurationPlatforms) = postSolution
		{C0341464-E3A1-43DA-BD57-FE0B23ACE8F5}.Debug|Any CPU.ActiveCfg = Debug|Any CPU
		{C0341464-E3A1-43DA-BD57-FE0B23ACE8F5}.Debug|Any CPU.Build.0 = Debug|Any CPU
		{C0341464-E3A1-43DA-BD57-FE0B23ACE8F5}.Release|Any CPU.ActiveCfg = Release|Any CPU
		{C0341464-E3A1-43DA-BD57-FE0B23ACE8F5}.Release|Any CPU.Build.0 = Release|Any CPU
	EndGlobalSection
	GlobalSection(SolutionProperties) = preSolution
		HideSolutionNode = FALSE
	EndGlobalSection
	GlobalSection(ExtensibilityGlobals) = postSolution
		SolutionGuid = {9449CD23-0F8F-477E-9D9C-F86AF9CE46F8}
	EndGlobalSection
EndGlobal
