
Microsoft Visual Studio Solution File, Format Version 12.00
# Visual Studio Version 17
VisualStudioVersion = 17.4.33110.190
MinimumVisualStudioVersion = 10.0.40219.1
Project("{FAE04EC0-301F-11D3-BF4B-00C04F79EFBC}") = "atv52", "atv52\atv52.csproj", "{160BE569-CDB4-40B5-9E6F-F0A6DD26B04D}"
EndProject
Global
	GlobalSection(SolutionConfigurationPlatforms) = preSolution
		Debug|Any CPU = Debug|Any CPU
		Release|Any CPU = Release|Any CPU
	EndGlobalSection
	GlobalSection(ProjectConfigurationPlatforms) = postSolution
		{160BE569-CDB4-40B5-9E6F-F0A6DD26B04D}.Debug|Any CPU.ActiveCfg = Debug|Any CPU
		{160BE569-CDB4-40B5-9E6F-F0A6DD26B04D}.Debug|Any CPU.Build.0 = Debug|Any CPU
		{160BE569-CDB4-40B5-9E6F-F0A6DD26B04D}.Release|Any CPU.ActiveCfg = Release|Any CPU
		{160BE569-CDB4-40B5-9E6F-F0A6DD26B04D}.Release|Any CPU.Build.0 = Release|Any CPU
	EndGlobalSection
	GlobalSection(SolutionProperties) = preSolution
		HideSolutionNode = FALSE
	EndGlobalSection
	GlobalSection(ExtensibilityGlobals) = postSolution
		SolutionGuid = {C357355D-8807-457A-B191-E32EC6A5F03F}
	EndGlobalSection
EndGlobal
