
Microsoft Visual Studio Solution File, Format Version 12.00
# Visual Studio Version 17
VisualStudioVersion = 17.4.33110.190
MinimumVisualStudioVersion = 10.0.40219.1
Project("{FAE04EC0-301F-11D3-BF4B-00C04F79EFBC}") = "atv50", "atv50\atv50.csproj", "{7ACC4962-40AC-4C73-854A-98674AF27666}"
EndProject
Global
	GlobalSection(SolutionConfigurationPlatforms) = preSolution
		Debug|Any CPU = Debug|Any CPU
		Release|Any CPU = Release|Any CPU
	EndGlobalSection
	GlobalSection(ProjectConfigurationPlatforms) = postSolution
		{7ACC4962-40AC-4C73-854A-98674AF27666}.Debug|Any CPU.ActiveCfg = Debug|Any CPU
		{7ACC4962-40AC-4C73-854A-98674AF27666}.Debug|Any CPU.Build.0 = Debug|Any CPU
		{7ACC4962-40AC-4C73-854A-98674AF27666}.Release|Any CPU.ActiveCfg = Release|Any CPU
		{7ACC4962-40AC-4C73-854A-98674AF27666}.Release|Any CPU.Build.0 = Release|Any CPU
	EndGlobalSection
	GlobalSection(SolutionProperties) = preSolution
		HideSolutionNode = FALSE
	EndGlobalSection
	GlobalSection(ExtensibilityGlobals) = postSolution
		SolutionGuid = {DC41A7FB-5C11-46CD-BA50-018913B1ED01}
	EndGlobalSection
EndGlobal
