
Microsoft Visual Studio Solution File, Format Version 12.00
# Visual Studio Version 17
VisualStudioVersion = 17.4.33110.190
MinimumVisualStudioVersion = 10.0.40219.1
Project("{FAE04EC0-301F-11D3-BF4B-00C04F79EFBC}") = "atv9", "atv9\atv9.csproj", "{9388AAD2-A973-4120-9566-CE65DA8FFEF3}"
EndProject
Global
	GlobalSection(SolutionConfigurationPlatforms) = preSolution
		Debug|Any CPU = Debug|Any CPU
		Release|Any CPU = Release|Any CPU
	EndGlobalSection
	GlobalSection(ProjectConfigurationPlatforms) = postSolution
		{9388AAD2-A973-4120-9566-CE65DA8FFEF3}.Debug|Any CPU.ActiveCfg = Debug|Any CPU
		{9388AAD2-A973-4120-9566-CE65DA8FFEF3}.Debug|Any CPU.Build.0 = Debug|Any CPU
		{9388AAD2-A973-4120-9566-CE65DA8FFEF3}.Release|Any CPU.ActiveCfg = Release|Any CPU
		{9388AAD2-A973-4120-9566-CE65DA8FFEF3}.Release|Any CPU.Build.0 = Release|Any CPU
	EndGlobalSection
	GlobalSection(SolutionProperties) = preSolution
		HideSolutionNode = FALSE
	EndGlobalSection
	GlobalSection(ExtensibilityGlobals) = postSolution
		SolutionGuid = {4160BF88-497B-4528-8CF7-586B11027DF2}
	EndGlobalSection
EndGlobal
