
Microsoft Visual Studio Solution File, Format Version 12.00
# Visual Studio Version 17
VisualStudioVersion = 17.4.33110.190
MinimumVisualStudioVersion = 10.0.40219.1
Project("{FAE04EC0-301F-11D3-BF4B-00C04F79EFBC}") = "atv41", "atv41\atv41.csproj", "{B120CC3A-5DDC-4933-B983-2BA098E61ADC}"
EndProject
Global
	GlobalSection(SolutionConfigurationPlatforms) = preSolution
		Debug|Any CPU = Debug|Any CPU
		Release|Any CPU = Release|Any CPU
	EndGlobalSection
	GlobalSection(ProjectConfigurationPlatforms) = postSolution
		{B120CC3A-5DDC-4933-B983-2BA098E61ADC}.Debug|Any CPU.ActiveCfg = Debug|Any CPU
		{B120CC3A-5DDC-4933-B983-2BA098E61ADC}.Debug|Any CPU.Build.0 = Debug|Any CPU
		{B120CC3A-5DDC-4933-B983-2BA098E61ADC}.Release|Any CPU.ActiveCfg = Release|Any CPU
		{B120CC3A-5DDC-4933-B983-2BA098E61ADC}.Release|Any CPU.Build.0 = Release|Any CPU
	EndGlobalSection
	GlobalSection(SolutionProperties) = preSolution
		HideSolutionNode = FALSE
	EndGlobalSection
	GlobalSection(ExtensibilityGlobals) = postSolution
		SolutionGuid = {86E09297-F21C-4217-A4AB-2F0375317137}
	EndGlobalSection
EndGlobal
