
Microsoft Visual Studio Solution File, Format Version 12.00
# Visual Studio Version 17
VisualStudioVersion = 17.4.33110.190
MinimumVisualStudioVersion = 10.0.40219.1
Project("{FAE04EC0-301F-11D3-BF4B-00C04F79EFBC}") = "atv51", "atv51\atv51.csproj", "{1ED1CD77-6B30-481E-A5E5-3CF699245E8F}"
EndProject
Global
	GlobalSection(SolutionConfigurationPlatforms) = preSolution
		Debug|Any CPU = Debug|Any CPU
		Release|Any CPU = Release|Any CPU
	EndGlobalSection
	GlobalSection(ProjectConfigurationPlatforms) = postSolution
		{1ED1CD77-6B30-481E-A5E5-3CF699245E8F}.Debug|Any CPU.ActiveCfg = Debug|Any CPU
		{1ED1CD77-6B30-481E-A5E5-3CF699245E8F}.Debug|Any CPU.Build.0 = Debug|Any CPU
		{1ED1CD77-6B30-481E-A5E5-3CF699245E8F}.Release|Any CPU.ActiveCfg = Release|Any CPU
		{1ED1CD77-6B30-481E-A5E5-3CF699245E8F}.Release|Any CPU.Build.0 = Release|Any CPU
	EndGlobalSection
	GlobalSection(SolutionProperties) = preSolution
		HideSolutionNode = FALSE
	EndGlobalSection
	GlobalSection(ExtensibilityGlobals) = postSolution
		SolutionGuid = {C6BC64C2-B4E4-4B99-8F7B-0CD5ADAFB0E7}
	EndGlobalSection
EndGlobal
