
Microsoft Visual Studio Solution File, Format Version 12.00
# Visual Studio Version 17
VisualStudioVersion = 17.4.33110.190
MinimumVisualStudioVersion = 10.0.40219.1
Project("{FAE04EC0-301F-11D3-BF4B-00C04F79EFBC}") = "atv53", "atv53\atv53.csproj", "{233BF07D-A421-418C-8C1A-E2F1E06F646A}"
EndProject
Global
	GlobalSection(SolutionConfigurationPlatforms) = preSolution
		Debug|Any CPU = Debug|Any CPU
		Release|Any CPU = Release|Any CPU
	EndGlobalSection
	GlobalSection(ProjectConfigurationPlatforms) = postSolution
		{233BF07D-A421-418C-8C1A-E2F1E06F646A}.Debug|Any CPU.ActiveCfg = Debug|Any CPU
		{233BF07D-A421-418C-8C1A-E2F1E06F646A}.Debug|Any CPU.Build.0 = Debug|Any CPU
		{233BF07D-A421-418C-8C1A-E2F1E06F646A}.Release|Any CPU.ActiveCfg = Release|Any CPU
		{233BF07D-A421-418C-8C1A-E2F1E06F646A}.Release|Any CPU.Build.0 = Release|Any CPU
	EndGlobalSection
	GlobalSection(SolutionProperties) = preSolution
		HideSolutionNode = FALSE
	EndGlobalSection
	GlobalSection(ExtensibilityGlobals) = postSolution
		SolutionGuid = {24FAFCCE-6494-4376-ABE4-1D313F199492}
	EndGlobalSection
EndGlobal
